
Microsoft Visual Studio Solution File, Format Version 12.00
# Visual Studio Version 17
VisualStudioVersion = 17.0.31903.59
MinimumVisualStudioVersion = 10.0.40219.1
Project("{2150E333-8FDC-42A3-9474-1A3956D46DE8}") = "src", "src", "{6063832A-6B78-4157-A3C4-FF95F4258018}"
EndProject
Project("{FAE04EC0-301F-11D3-BF4B-00C04F79EFBC}") = "Openstream.Server", "src\Openstream.Server\Openstream.Server.csproj", "{E04CAD46-E3CE-419D-8CFE-96E4367CC5F8}"
EndProject
Project("{FAE04EC0-301F-11D3-BF4B-00C04F79EFBC}") = "Openstream.Core", "src\Openstream.Core\Openstream.Core.csproj", "{8950C1A9-C7D3-41E8-9076-69CDB0D5750C}"
EndProject
Global
	GlobalSection(SolutionConfigurationPlatforms) = preSolution
		Debug|Any CPU = Debug|Any CPU
		Release|Any CPU = Release|Any CPU
	EndGlobalSection
	GlobalSection(SolutionProperties) = preSolution
		HideSolutionNode = FALSE
	EndGlobalSection
	GlobalSection(ProjectConfigurationPlatforms) = postSolution
		{E04CAD46-E3CE-419D-8CFE-96E4367CC5F8}.Debug|Any CPU.ActiveCfg = Debug|Any CPU
		{E04CAD46-E3CE-419D-8CFE-96E4367CC5F8}.Debug|Any CPU.Build.0 = Debug|Any CPU
		{E04CAD46-E3CE-419D-8CFE-96E4367CC5F8}.Release|Any CPU.ActiveCfg = Release|Any CPU
		{E04CAD46-E3CE-419D-8CFE-96E4367CC5F8}.Release|Any CPU.Build.0 = Release|Any CPU
		{8950C1A9-C7D3-41E8-9076-69CDB0D5750C}.Debug|Any CPU.ActiveCfg = Debug|Any CPU
		{8950C1A9-C7D3-41E8-9076-69CDB0D5750C}.Debug|Any CPU.Build.0 = Debug|Any CPU
		{8950C1A9-C7D3-41E8-9076-69CDB0D5750C}.Release|Any CPU.ActiveCfg = Release|Any CPU
		{8950C1A9-C7D3-41E8-9076-69CDB0D5750C}.Release|Any CPU.Build.0 = Release|Any CPU
	EndGlobalSection
	GlobalSection(NestedProjects) = preSolution
		{E04CAD46-E3CE-419D-8CFE-96E4367CC5F8} = {6063832A-6B78-4157-A3C4-FF95F4258018}
		{8950C1A9-C7D3-41E8-9076-69CDB0D5750C} = {6063832A-6B78-4157-A3C4-FF95F4258018}
	EndGlobalSection
EndGlobal
